
Microsoft Visual Studio Solution File, Format Version 12.00
# Visual Studio Version 17
VisualStudioVersion = 17.4.33122.133
MinimumVisualStudioVersion = 10.0.40219.1
Project("{2150E333-8FDC-42A3-9474-1A3956D46DE8}") = "Sources", "Sources", "{436DD20A-007E-4E15-8CD9-060918A229C7}"
EndProject
Project("{2150E333-8FDC-42A3-9474-1A3956D46DE8}") = "Microsoft", "Microsoft", "{20B81013-37EF-46A7-9E34-349D4ABF2FD1}"
EndProject
Project("{9A19103F-16F7-4668-BE54-9A1E7A4F7556}") = "SandBoxODataClient", "src\SandBoxODataClient\SandBoxODataClient.csproj", "{395FF53E-9F39-4960-BB56-18D60227DBCE}"
EndProject
Global
	GlobalSection(SolutionConfigurationPlatforms) = preSolution
		Debug|Any CPU = Debug|Any CPU
		Release|Any CPU = Release|Any CPU
	EndGlobalSection
	GlobalSection(ProjectConfigurationPlatforms) = postSolution
		{395FF53E-9F39-4960-BB56-18D60227DBCE}.Debug|Any CPU.ActiveCfg = Debug|Any CPU
		{395FF53E-9F39-4960-BB56-18D60227DBCE}.Debug|Any CPU.Build.0 = Debug|Any CPU
		{395FF53E-9F39-4960-BB56-18D60227DBCE}.Release|Any CPU.ActiveCfg = Release|Any CPU
		{395FF53E-9F39-4960-BB56-18D60227DBCE}.Release|Any CPU.Build.0 = Release|Any CPU
	EndGlobalSection
	GlobalSection(SolutionProperties) = preSolution
		HideSolutionNode = FALSE
	EndGlobalSection
	GlobalSection(NestedProjects) = preSolution
		{395FF53E-9F39-4960-BB56-18D60227DBCE} = {436DD20A-007E-4E15-8CD9-060918A229C7}
	EndGlobalSection
	GlobalSection(ExtensibilityGlobals) = postSolution
		SolutionGuid = {00BE641A-1851-471B-A934-FAD60179BCBC}
	EndGlobalSection
EndGlobal
